
Microsoft Visual Studio Solution File, Format Version 12.00
# Visual Studio Version 17
VisualStudioVersion = 17.5.002.0
MinimumVisualStudioVersion = 10.0.40219.1
Project("{9A19103F-16F7-4668-BE54-9A1E7A4F7556}") = "EveryBudgetApi", "EveryBudgetApi\EveryBudgetApi.csproj", "{6F449CF9-B20C-4658-A7E7-8B9CFD3A73F2}"
EndProject
Project("{FAE04EC0-301F-11D3-BF4B-00C04F79EFBC}") = "UtilityTester", "UtilityTester\UtilityTester.csproj", "{3C18CB46-40AC-4023-B776-AAC863B91D1B}"
EndProject
Project("{FAE04EC0-301F-11D3-BF4B-00C04F79EFBC}") = "EveryBudgetCore", "Core\EveryBudgetCore.csproj", "{38C763DE-CF97-4007-8D2A-30D373A8B77A}"
EndProject
Global
	GlobalSection(SolutionConfigurationPlatforms) = preSolution
		Debug|Any CPU = Debug|Any CPU
		Release|Any CPU = Release|Any CPU
	EndGlobalSection
	GlobalSection(ProjectConfigurationPlatforms) = postSolution
		{6F449CF9-B20C-4658-A7E7-8B9CFD3A73F2}.Debug|Any CPU.ActiveCfg = Debug|Any CPU
		{6F449CF9-B20C-4658-A7E7-8B9CFD3A73F2}.Debug|Any CPU.Build.0 = Debug|Any CPU
		{6F449CF9-B20C-4658-A7E7-8B9CFD3A73F2}.Release|Any CPU.ActiveCfg = Release|Any CPU
		{6F449CF9-B20C-4658-A7E7-8B9CFD3A73F2}.Release|Any CPU.Build.0 = Release|Any CPU
		{3C18CB46-40AC-4023-B776-AAC863B91D1B}.Debug|Any CPU.ActiveCfg = Debug|Any CPU
		{3C18CB46-40AC-4023-B776-AAC863B91D1B}.Debug|Any CPU.Build.0 = Debug|Any CPU
		{3C18CB46-40AC-4023-B776-AAC863B91D1B}.Release|Any CPU.ActiveCfg = Release|Any CPU
		{3C18CB46-40AC-4023-B776-AAC863B91D1B}.Release|Any CPU.Build.0 = Release|Any CPU
		{38C763DE-CF97-4007-8D2A-30D373A8B77A}.Debug|Any CPU.ActiveCfg = Debug|Any CPU
		{38C763DE-CF97-4007-8D2A-30D373A8B77A}.Debug|Any CPU.Build.0 = Debug|Any CPU
		{38C763DE-CF97-4007-8D2A-30D373A8B77A}.Release|Any CPU.ActiveCfg = Release|Any CPU
		{38C763DE-CF97-4007-8D2A-30D373A8B77A}.Release|Any CPU.Build.0 = Release|Any CPU
	EndGlobalSection
	GlobalSection(SolutionProperties) = preSolution
		HideSolutionNode = FALSE
	EndGlobalSection
	GlobalSection(ExtensibilityGlobals) = postSolution
		SolutionGuid = {01ABC18A-9895-4A88-B95B-724B7C5AA938}
	EndGlobalSection
EndGlobal
